[[package]]
category = "main"
description = "Free Games"
name = "freegames"
optional = false
python-versions = "*"
version = "2.3.2"

[[package]]
category = "main"
description = "library with cross-python path, ini-parsing, io, code, log facilities"
name = "py"
optional = false
python-versions = "*"
version = "1.4.22"

[[package]]
category = "main"
description = "pytest: simple powerful testing with Python"
name = "pytest"
optional = false
python-versions = "*"
version = "2.6.0"

[package.dependencies]
py = ">=1.4.22"

[[package]]
category = "main"
description = "Extremely fast and easy feature based HTML generator."
name = "uno"
optional = false
python-versions = "*"
version = "0.3.3"

[package.dependencies]
py = "1.4.22"
pytest = "2.6.0"

[metadata]
content-hash = "5fb60a3cb2173b4a2b86d48972544e5e69941779a9e8c644ad2cfae340072585"
python-versions = "^3.8"

[metadata.files]
freegames = [
    {file = "freegames-2.3.2-py2.py3-none-any.whl", hash = "sha256:1ebe3681e858613ec6c6cb57b6825de99a8bd909856f6c00c76bf8c6eb1ecc10"},
    {file = "freegames-2.3.2.tar.gz", hash = "sha256:351da8f57f9244a83afe1f3bdd3cb9199c5f46e70f655928f242a75c8c52f00e"},
]
py = [
    {file = "py-1.4.22.tar.gz", hash = "sha256:1ef0c4eb8f12f970dd831f32755f95a36af66a8ca9c35991100146428fd42474"},
]
pytest = [
    {file = "pytest-2.6.0.tar.gz", hash = "sha256:1e4f7c23d5444c01316bd84edd629af3170331fade12bcc263f0a2a716bbaed1"},
]
uno = [
    {file = "uno-0.3.3.tar.gz", hash = "sha256:2037b35b5f038c8156c273b963d1c4afd536f72939b1bb86a17460d4251935c4"},
]
